
Microsoft Visual Studio Solution File, Format Version 12.00
# Visual Studio Version 16
VisualStudioVersion = 16.0.30709.132
MinimumVisualStudioVersion = 10.0.40219.1
Project("{FAE04EC0-301F-11D3-BF4B-00C04F79EFBC}") = "Bang", "Bang\Bang.csproj", "{D3957E20-A7CF-4453-A41E-1C63F5060CC3}"
EndProject
Global
	GlobalSection(SolutionConfigurationPlatforms) = preSolution
		Debug|Any CPU = Debug|Any CPU
		Release|Any CPU = Release|Any CPU
	EndGlobalSection
	GlobalSection(ProjectConfigurationPlatforms) = postSolution
		{D3957E20-A7CF-4453-A41E-1C63F5060CC3}.Debug|Any CPU.ActiveCfg = Debug|Any CPU
		{D3957E20-A7CF-4453-A41E-1C63F5060CC3}.Debug|Any CPU.Build.0 = Debug|Any CPU
		{D3957E20-A7CF-4453-A41E-1C63F5060CC3}.Release|Any CPU.ActiveCfg = Release|Any CPU
		{D3957E20-A7CF-4453-A41E-1C63F5060CC3}.Release|Any CPU.Build.0 = Release|Any CPU
	EndGlobalSection
	GlobalSection(SolutionProperties) = preSolution
		HideSolutionNode = FALSE
	EndGlobalSection
	GlobalSection(ExtensibilityGlobals) = postSolution
		SolutionGuid = {1E7998C4-0909-489A-B294-71F0B6958F1E}
	EndGlobalSection
EndGlobal
